
Microsoft Visual Studio Solution File, Format Version 12.00
# Visual Studio Version 17
VisualStudioVersion = 17.6.33829.357
MinimumVisualStudioVersion = 10.0.40219.1
Project("{FAE04EC0-301F-11D3-BF4B-00C04F79EFBC}") = "Monogame5", "Monogame5\Monogame5.csproj", "{6CEB8BAB-4CC5-419E-89C9-CF0A5AF70ACD}"
EndProject
Global
	GlobalSection(SolutionConfigurationPlatforms) = preSolution
		Debug|Any CPU = Debug|Any CPU
		Release|Any CPU = Release|Any CPU
	EndGlobalSection
	GlobalSection(ProjectConfigurationPlatforms) = postSolution
		{6CEB8BAB-4CC5-419E-89C9-CF0A5AF70ACD}.Debug|Any CPU.ActiveCfg = Debug|Any CPU
		{6CEB8BAB-4CC5-419E-89C9-CF0A5AF70ACD}.Debug|Any CPU.Build.0 = Debug|Any CPU
		{6CEB8BAB-4CC5-419E-89C9-CF0A5AF70ACD}.Release|Any CPU.ActiveCfg = Release|Any CPU
		{6CEB8BAB-4CC5-419E-89C9-CF0A5AF70ACD}.Release|Any CPU.Build.0 = Release|Any CPU
	EndGlobalSection
	GlobalSection(SolutionProperties) = preSolution
		HideSolutionNode = FALSE
	EndGlobalSection
	GlobalSection(ExtensibilityGlobals) = postSolution
		SolutionGuid = {197C8EC8-4D63-4F49-A2F3-627D136B00B5}
	EndGlobalSection
EndGlobal
